
Microsoft Visual Studio Solution File, Format Version 10.00
# Visual Studio 2008
Project("{FAE04EC0-301F-11D3-BF4B-00C04F79EFBC}") = "UDPSocket", "UDPSocket\UDPSocket.csproj", "{53FC2115-BB53-469D-9D38-7C56884CF83D}"
EndProject
Project("{FAE04EC0-301F-11D3-BF4B-00C04F79EFBC}") = "Test", "Test\Test.csproj", "{9CBAF928-F63B-4736-B030-D51E65E181D3}"
EndProject
Global
	GlobalSection(SolutionConfigurationPlatforms) = preSolution
		Debug|Any CPU = Debug|Any CPU
		Release|Any CPU = Release|Any CPU
	EndGlobalSection
	GlobalSection(ProjectConfigurationPlatforms) = postSolution
		{53FC2115-BB53-469D-9D38-7C56884CF83D}.Debug|Any CPU.ActiveCfg = Debug|Any CPU
		{53FC2115-BB53-469D-9D38-7C56884CF83D}.Debug|Any CPU.Build.0 = Debug|Any CPU
		{53FC2115-BB53-469D-9D38-7C56884CF83D}.Release|Any CPU.ActiveCfg = Release|Any CPU
		{53FC2115-BB53-469D-9D38-7C56884CF83D}.Release|Any CPU.Build.0 = Release|Any CPU
		{9CBAF928-F63B-4736-B030-D51E65E181D3}.Debug|Any CPU.ActiveCfg = Debug|Any CPU
		{9CBAF928-F63B-4736-B030-D51E65E181D3}.Debug|Any CPU.Build.0 = Debug|Any CPU
		{9CBAF928-F63B-4736-B030-D51E65E181D3}.Release|Any CPU.ActiveCfg = Release|Any CPU
		{9CBAF928-F63B-4736-B030-D51E65E181D3}.Release|Any CPU.Build.0 = Release|Any CPU
	EndGlobalSection
	GlobalSection(SolutionProperties) = preSolution
		HideSolutionNode = FALSE
	EndGlobalSection
EndGlobal
